
Microsoft Visual Studio Solution File, Format Version 12.00
Project("{FAE04EC0-301F-11D3-BF4B-00C04F79EFBC}") = "HttpClientApiTesting", "HttpClientApiTesting.csproj", "{C9B4630E-0849-43B2-AB6C-8ABF238147DF}"
EndProject
Global
	GlobalSection(SolutionConfigurationPlatforms) = preSolution
		Debug|Any CPU = Debug|Any CPU
		Release|Any CPU = Release|Any CPU
	EndGlobalSection
	GlobalSection(ProjectConfigurationPlatforms) = postSolution
		{C9B4630E-0849-43B2-AB6C-8ABF238147DF}.Debug|Any CPU.ActiveCfg = Debug|Any CPU
		{C9B4630E-0849-43B2-AB6C-8ABF238147DF}.Debug|Any CPU.Build.0 = Debug|Any CPU
		{C9B4630E-0849-43B2-AB6C-8ABF238147DF}.Release|Any CPU.ActiveCfg = Release|Any CPU
		{C9B4630E-0849-43B2-AB6C-8ABF238147DF}.Release|Any CPU.Build.0 = Release|Any CPU
	EndGlobalSection
EndGlobal
